NeoBundleLock vim-surround fa433e0b7330753688f715f3be5d10dc480f20e5
NeoBundleLock ctrlp.vim b5d3fe66a58a13d2ff8b6391f4387608496a030f
NeoBundleLock vimproc.vim 3e055023dfab4f5a4dfa05a834f9d0cb7294a82e
NeoBundleLock unite-gtags 482a3a2a8dce8e11d960e46ff53c254e702117c1
NeoBundleLock vim-airline 0bc3a2111693c0292457d19488c09b3766de1fe8
NeoBundleLock unite-quickfix 3e695c5cc6525e16ae3d26fb2e7d8e7753ed0760
NeoBundleLock unite.vim 38da52f6d047164bd9f9352b8a78cb960893242a
NeoBundleLock neosnippet-snippets 2b8a3fb4f429be5c58ae7d4097eb2f1bc67aae9d
NeoBundleLock unite-tag 0dd146b4b028d9300ca730128b027cf8ba83b7b8
NeoBundleLock quickhl.vim 8940a32c06761050eee4c3623b3da29a79d32913
NeoBundleLock vimshell 3787e52766812d8b99a93ccdda57517bc2a0bab6
NeoBundleLock vim-ipython 9ce4f201ce26e9f01d56a6040ddf9255aab27272
NeoBundleLock vim-slime d549e80f33270d8f82a4d475e0e16cac6997fdcd
NeoBundleLock vim-colorschemes 862cfc7dff26e7ecce7500725a4aae062acefe8a
NeoBundleLock vim-alignta cb3d593c48d7d3aef829b5aff49ddade24417a9f
NeoBundleLock neocomplete 6362880fad5de338c8af02cb65bb0317d6b7d8bd
NeoBundleLock vim-ref 63cef8fe51e597f0b0475b654961cef01feabd93
NeoBundleLock vim-fugitive 0374322ba5d85ae44dd9dc44ef31ca015a59097e
NeoBundleLock shabadou.vim c5af30bb0c028d53cfd89e00cab636c844034a9a
NeoBundleLock hier f8ae6064b237387b684abb8eb4215ecb12ccae37
NeoBundleLock vim-easymotion 358438c7d70ffa77e40568c5c8eff45b25832375
NeoBundleLock vim-fireplace c0e574387d12f7a9c6adc32516a87648210e3fbf
NeoBundleLock neosnippet ee1246a61bb757019fa16596a8dd1ad63c83f158
NeoBundleLock vim-indent-guides eec1b629dc4cfa3986d20f21d4b4489732cd3f5a
NeoBundleLock quickfixstatus.vim 8d6893e11ef7325c9f08f4b4e69f36f1d265e5f8
NeoBundleLock neosnippet.vim ee1246a61bb757019fa16596a8dd1ad63c83f158
NeoBundleLock rainbow_parentheses.vim eb8baa5428bde10ecc1cb14eed1d6e16f5f24695
NeoBundleLock unite-launch c4d16f87f2eea26b0fab6b744601d90f4ea89dcf
NeoBundleLock vim-autoread dc64c4981429c882ebc439490626fa00287d07b5
NeoBundleLock jedi-vim b25db7ff5d9d914abad76e729dbd12975a4e0c58
NeoBundleLock neobundle.vim fd96c964fa8e2d11183fb5070aa9ff6feda4cc3d
NeoBundleLock slimv 68e887c4778bcba2cf9b1dbe76839e308b3f4536
NeoBundleLock quickrun.vim 20c0114f4dbd5cb6907a3f91db34da7dad233bb6
NeoBundleLock Gundo f443470b96364c24a775629418a6b2562ec9173e
NeoBundleLock javacomplete f3d9ce93b4452baf5cb15b68d3b2a925a10a6e7d
NeoBundleLock unite-outline bd2caada0075b0fa26a6c210a16079ac79b4f7c4
